
Microsoft Visual Studio Solution File, Format Version 12.00
# Visual Studio Version 17
VisualStudioVersion = 17.7.34221.43
MinimumVisualStudioVersion = 10.0.40219.1
Project("{8BC9CEB8-8B4A-11D0-8D11-00A0C91BC942}") = "Proje7", "Proje7\Proje7.vcxproj", "{034DEC4E-753A-49B5-A561-1FB0BE03CBDA}"
EndProject
Global
	GlobalSection(SolutionConfigurationPlatforms) = preSolution
		Debug|x64 = Debug|x64
		Debug|x86 = Debug|x86
		Release|x64 = Release|x64
		Release|x86 = Release|x86
	EndGlobalSection
	GlobalSection(ProjectConfigurationPlatforms) = postSolution
		{034DEC4E-753A-49B5-A561-1FB0BE03CBDA}.Debug|x64.ActiveCfg = Debug|x64
		{034DEC4E-753A-49B5-A561-1FB0BE03CBDA}.Debug|x64.Build.0 = Debug|x64
		{034DEC4E-753A-49B5-A561-1FB0BE03CBDA}.Debug|x86.ActiveCfg = Debug|Win32
		{034DEC4E-753A-49B5-A561-1FB0BE03CBDA}.Debug|x86.Build.0 = Debug|Win32
		{034DEC4E-753A-49B5-A561-1FB0BE03CBDA}.Release|x64.ActiveCfg = Release|x64
		{034DEC4E-753A-49B5-A561-1FB0BE03CBDA}.Release|x64.Build.0 = Release|x64
		{034DEC4E-753A-49B5-A561-1FB0BE03CBDA}.Release|x86.ActiveCfg = Release|Win32
		{034DEC4E-753A-49B5-A561-1FB0BE03CBDA}.Release|x86.Build.0 = Release|Win32
	EndGlobalSection
	GlobalSection(SolutionProperties) = preSolution
		HideSolutionNode = FALSE
	EndGlobalSection
	GlobalSection(ExtensibilityGlobals) = postSolution
		SolutionGuid = {DFA38C6D-431F-4B36-A3BC-3346DE0329F4}
	EndGlobalSection
EndGlobal
